
Microsoft Visual Studio Solution File, Format Version 12.00
# Visual Studio 14
VisualStudioVersion = 14.0.25420.1
MinimumVisualStudioVersion = 10.0.40219.1
Project("{FAE04EC0-301F-11D3-BF4B-00C04F79EFBC}") = "RemoveNegativesAndReverse", "RemoveNegativesAndReverse\RemoveNegativesAndReverse.csproj", "{B4393162-5662-4176-8728-B05CCACA05B6}"
EndProject
Project("{FAE04EC0-301F-11D3-BF4B-00C04F79EFBC}") = "AppendLists", "AppendLists\AppendLists.csproj", "{A83BF1F7-1CCE-4B7A-874C-E7F089C03E2A}"
EndProject
Project("{FAE04EC0-301F-11D3-BF4B-00C04F79EFBC}") = "SplitByWordCasing", "SplitByWordCasing\SplitByWordCasing.csproj", "{7480E4EE-C046-48DB-A5D3-A26143A619F2}"
EndProject
Global
	GlobalSection(SolutionConfigurationPlatforms) = preSolution
		Debug|Any CPU = Debug|Any CPU
		Release|Any CPU = Release|Any CPU
	EndGlobalSection
	GlobalSection(ProjectConfigurationPlatforms) = postSolution
		{B4393162-5662-4176-8728-B05CCACA05B6}.Debug|Any CPU.ActiveCfg = Debug|Any CPU
		{B4393162-5662-4176-8728-B05CCACA05B6}.Debug|Any CPU.Build.0 = Debug|Any CPU
		{B4393162-5662-4176-8728-B05CCACA05B6}.Release|Any CPU.ActiveCfg = Release|Any CPU
		{B4393162-5662-4176-8728-B05CCACA05B6}.Release|Any CPU.Build.0 = Release|Any CPU
		{A83BF1F7-1CCE-4B7A-874C-E7F089C03E2A}.Debug|Any CPU.ActiveCfg = Debug|Any CPU
		{A83BF1F7-1CCE-4B7A-874C-E7F089C03E2A}.Debug|Any CPU.Build.0 = Debug|Any CPU
		{A83BF1F7-1CCE-4B7A-874C-E7F089C03E2A}.Release|Any CPU.ActiveCfg = Release|Any CPU
		{A83BF1F7-1CCE-4B7A-874C-E7F089C03E2A}.Release|Any CPU.Build.0 = Release|Any CPU
		{7480E4EE-C046-48DB-A5D3-A26143A619F2}.Debug|Any CPU.ActiveCfg = Debug|Any CPU
		{7480E4EE-C046-48DB-A5D3-A26143A619F2}.Debug|Any CPU.Build.0 = Debug|Any CPU
		{7480E4EE-C046-48DB-A5D3-A26143A619F2}.Release|Any CPU.ActiveCfg = Release|Any CPU
		{7480E4EE-C046-48DB-A5D3-A26143A619F2}.Release|Any CPU.Build.0 = Release|Any CPU
	EndGlobalSection
	GlobalSection(SolutionProperties) = preSolution
		HideSolutionNode = FALSE
	EndGlobalSection
EndGlobal
